# This file is autogenerated, do not edit; changes may be undone by the next 'dep ensure'.


[[projects]]
  name = "github.com/cloudfoundry-incubator/credhub-cli"
  packages = [
    "credhub",
    "credhub/auth",
    "credhub/auth/uaa",
    "credhub/credentials",
    "credhub/credentials/generate",
    "credhub/credentials/values",
    "credhub/permissions",
    "credhub/server",
    "errors"
  ]
  revision = "c360e7494a3327d2e0e9f21ebc0d740cb2bf862d"
  version = "1.7.6"

[[projects]]
  branch = "master"
  name = "github.com/cloudfoundry/go-socks5"
  packages = ["."]
  revision = "54f73bdb8a8e85a6611d3d29ab9bbf98c2a060d7"

[[projects]]
  name = "github.com/cloudfoundry/socks5-proxy"
  packages = ["."]
  revision = "3c6b4eec9c2d16c1dac4c42bdb5f755ba09daff8"

[[projects]]
  name = "github.com/gorilla/context"
  packages = ["."]
  revision = "08b5f424b9271eedf6f9f0ce86cb9396ed337a42"
  version = "v1.1.1"

[[projects]]
  name = "github.com/gorilla/mux"
  packages = ["."]
  revision = "e3702bed27f0d39777b0b37b664b6280e8ef8fbf"
  version = "v1.6.2"

[[projects]]
  branch = "master"
  name = "github.com/hashicorp/go-version"
  packages = ["."]
  revision = "23480c0665776210b5fbbac6eaaee40e3e6a96b7"

[[projects]]
  name = "github.com/qntfy/jsonparser"
  packages = ["."]
  revision = "107e2122799875b4d01959e04eb2c4d0f4c9bca5"
  version = "v1.0.2"

[[projects]]
  name = "github.com/qntfy/kazaam"
  packages = [
    ".",
    "transform"
  ]
  revision = "ed55cc79c6866cc738b65c1ac801a9e97d7e8082"
  version = "v3.4.5"

[[projects]]
  name = "github.com/satori/go.uuid"
  packages = ["."]
  revision = "f58768cc1a7a7e77a3bd49e98cdd21419399b6a3"
  version = "v1.2.0"

[[projects]]
  branch = "master"
  name = "golang.org/x/crypto"
  packages = [
    "curve25519",
    "ed25519",
    "ed25519/internal/edwards25519",
    "internal/chacha20",
    "internal/subtle",
    "poly1305",
    "ssh"
  ]
  revision = "a49355c7e3f8fe157a85be2f77e6e269a0f89602"

[[projects]]
  branch = "master"
  name = "golang.org/x/net"
  packages = [
    "context",
    "internal/socks",
    "proxy"
  ]
  revision = "292b43bbf7cb8d35ddf40f8d5100ef3837cced3f"

[solve-meta]
  analyzer-name = "dep"
  analyzer-version = 1
  inputs-digest = "2d646ab6ed12225b01c002ea71a81cdb2da1b7852f657ab875f05a88941e3ac6"
  solver-name = "gps-cdcl"
  solver-version = 1
